// !$*UTF8*$!
{
	archiveVersion = 1;
	classes = {
	};
	objectVersion = 50;
	objects = {

/* Begin PBXBuildFile section */
		5B1E2801238776BE0091E96A /* AppDelegate.swift in Sources */ = {isa = PBXBuildFile; fileRef = 5B1E2800238776BE0091E96A /* AppDelegate.swift */; };
		5B1E2803238776BE0091E96A /* SceneDelegate.swift in Sources */ = {isa = PBXBuildFile; fileRef = 5B1E2802238776BE0091E96A /* SceneDelegate.swift */; };
		5B1E2808238776BE0091E96A /* Main.storyboard in Resources */ = {isa = PBXBuildFile; fileRef = 5B1E2806238776BE0091E96A /* Main.storyboard */; };
		5B1E280A238776C00091E96A /* Assets.xcassets in Resources */ = {isa = PBXBuildFile; fileRef = 5B1E2809238776C00091E96A /* Assets.xcassets */; };
		5B1E280D238776C00091E96A /* LaunchScreen.storyboard in Resources */ = {isa = PBXBuildFile; fileRef = 5B1E280B238776C00091E96A /* LaunchScreen.storyboard */; };
		5B1E281523878B330091E96A /* GenericTableViewController.swift in Sources */ = {isa = PBXBuildFile; fileRef = 5B1E281423878B330091E96A /* GenericTableViewController.swift */; };
		5B589B8B23878CD1008698C5 /* CustomCell.swift in Sources */ = {isa = PBXBuildFile; fileRef = 5B589B8A23878CD1008698C5 /* CustomCell.swift */; };
		5B589B8E238794C7008698C5 /* CellType.swift in Sources */ = {isa = PBXBuildFile; fileRef = 5B589B8D238794C7008698C5 /* CellType.swift */; };
		5B589B9023879785008698C5 /* GenericTableViewSection.swift in Sources */ = {isa = PBXBuildFile; fileRef = 5B589B8F23879785008698C5 /* GenericTableViewSection.swift */; };
		5B589B92238799E9008698C5 /* GenericTableViewDataSource.swift in Sources */ = {isa = PBXBuildFile; fileRef = 5B589B91238799E9008698C5 /* GenericTableViewDataSource.swift */; };
/* End PBXBuildFile section */

/* Begin PBXFileReference section */
		5B1E27FD238776BE0091E96A /* testing.app */ = {isa = PBXFileReference; explicitFileType = wrapper.application; includeInIndex = 0; path = testing.app; sourceTree = BUILT_PRODUCTS_DIR; };
		5B1E2800238776BE0091E96A /* AppDelegate.swift */ = {isa = PBXFileReference; lastKnownFileType = sourcecode.swift; path = AppDelegate.swift; sourceTree = "<group>"; };
		5B1E2802238776BE0091E96A /* SceneDelegate.swift */ = {isa = PBXFileReference; lastKnownFileType = sourcecode.swift; path = SceneDelegate.swift; sourceTree = "<group>"; };
		5B1E2807238776BE0091E96A /* Base */ = {isa = PBXFileReference; lastKnownFileType = file.storyboard; name = Base; path = Base.lproj/Main.storyboard; sourceTree = "<group>"; };
		5B1E2809238776C00091E96A /* Assets.xcassets */ = {isa = PBXFileReference; lastKnownFileType = folder.assetcatalog; path = Assets.xcassets; sourceTree = "<group>"; };
		5B1E280C238776C00091E96A /* Base */ = {isa = PBXFileReference; lastKnownFileType = file.storyboard; name = Base; path = Base.lproj/LaunchScreen.storyboard; sourceTree = "<group>"; };
		5B1E280E238776C00091E96A /* Info.plist */ = {isa = PBXFileReference; lastKnownFileType = text.plist.xml; path = Info.plist; sourceTree = "<group>"; };
		5B1E281423878B330091E96A /* GenericTableViewController.swift */ = {isa = PBXFileReference; lastKnownFileType = sourcecode.swift; path = GenericTableViewController.swift; sourceTree = "<group>"; };
		5B589B8A23878CD1008698C5 /* CustomCell.swift */ = {isa = PBXFileReference; lastKnownFileType = sourcecode.swift; path = CustomCell.swift; sourceTree = "<group>"; };
		5B589B8D238794C7008698C5 /* CellType.swift */ = {isa = PBXFileReference; lastKnownFileType = sourcecode.swift; path = CellType.swift; sourceTree = "<group>"; };
		5B589B8F23879785008698C5 /* GenericTableViewSection.swift */ = {isa = PBXFileReference; lastKnownFileType = sourcecode.swift; path = GenericTableViewSection.swift; sourceTree = "<group>"; };
		5B589B91238799E9008698C5 /* GenericTableViewDataSource.swift */ = {isa = PBXFileReference; lastKnownFileType = sourcecode.swift; path = GenericTableViewDataSource.swift; sourceTree = "<group>"; };
/* End PBXFileReference section */

/* Begin PBXFrameworksBuildPhase section */
		5B1E27FA238776BE0091E96A /* Frameworks */ = {
			isa = PBXFrameworksBuildPhase;
			buildActionMask = 2147483647;
			files = (
			);
			runOnlyForDeploymentPostprocessing = 0;
		};
/* End PBXFrameworksBuildPhase section */

/* Begin PBXGroup section */
		5B1E27F4238776BE0091E96A = {
			isa = PBXGroup;
			children = (
				5B1E27FF238776BE0091E96A /* testing */,
				5B1E27FE238776BE0091E96A /* Products */,
			);
			sourceTree = "<group>";
		};
		5B1E27FE238776BE0091E96A /* Products */ = {
			isa = PBXGroup;
			children = (
				5B1E27FD238776BE0091E96A /* testing.app */,
			);
			name = Products;
			sourceTree = "<group>";
		};
		5B1E27FF238776BE0091E96A /* testing */ = {
			isa = PBXGroup;
			children = (
				5B589B8C2387914A008698C5 /* GenericTableView */,
				5B1E2800238776BE0091E96A /* AppDelegate.swift */,
				5B1E2802238776BE0091E96A /* SceneDelegate.swift */,
				5B1E281423878B330091E96A /* GenericTableViewController.swift */,
				5B1E2806238776BE0091E96A /* Main.storyboard */,
				5B1E2809238776C00091E96A /* Assets.xcassets */,
				5B1E280B238776C00091E96A /* LaunchScreen.storyboard */,
				5B1E280E238776C00091E96A /* Info.plist */,
			);
			path = testing;
			sourceTree = "<group>";
		};
		5B589B8C2387914A008698C5 /* GenericTableView */ = {
			isa = PBXGroup;
			children = (
				5B589B8D238794C7008698C5 /* CellType.swift */,
				5B589B8F23879785008698C5 /* GenericTableViewSection.swift */,
				5B589B8A23878CD1008698C5 /* CustomCell.swift */,
				5B589B91238799E9008698C5 /* GenericTableViewDataSource.swift */,
			);
			path = GenericTableView;
			sourceTree = "<group>";
		};
/* End PBXGroup section */

/* Begin PBXNativeTarget section */
		5B1E27FC238776BE0091E96A /* testing */ = {
			isa = PBXNativeTarget;
			buildConfigurationList = 5B1E2811238776C00091E96A /* Build configuration list for PBXNativeTarget "testing" */;
			buildPhases = (
				5B1E27F9238776BE0091E96A /* Sources */,
				5B1E27FA238776BE0091E96A /* Frameworks */,
				5B1E27FB238776BE0091E96A /* Resources */,
			);
			buildRules = (
			);
			dependencies = (
			);
			name = testing;
			productName = testing;
			productReference = 5B1E27FD238776BE0091E96A /* testing.app */;
			productType = "com.apple.product-type.application";
		};
/* End PBXNativeTarget section */

/* Begin PBXProject section */
		5B1E27F5238776BE0091E96A /* Project object */ = {
			isa = PBXProject;
			attributes = {
				LastSwiftUpdateCheck = 1110;
				LastUpgradeCheck = 1110;
				ORGANIZATIONNAME = "Darius Ngo";
				TargetAttributes = {
					5B1E27FC238776BE0091E96A = {
						CreatedOnToolsVersion = 11.1;
					};
				};
			};
			buildConfigurationList = 5B1E27F8238776BE0091E96A /* Build configuration list for PBXProject "testing" */;
			compatibilityVersion = "Xcode 9.3";
			developmentRegion = en;
			hasScannedForEncodings = 0;
			knownRegions = (
				en,
				Base,
			);
			mainGroup = 5B1E27F4238776BE0091E96A;
			productRefGroup = 5B1E27FE238776BE0091E96A /* Products */;
			projectDirPath = "";
			projectRoot = "";
			targets = (
				5B1E27FC238776BE0091E96A /* testing */,
			);
		};
/* End PBXProject section */

/* Begin PBXResourcesBuildPhase section */
		5B1E27FB238776BE0091E96A /* Resources */ = {
			isa = PBXResourcesBuildPhase;
			buildActionMask = 2147483647;
			files = (
				5B1E280D238776C00091E96A /* LaunchScreen.storyboard in Resources */,
				5B1E280A238776C00091E96A /* Assets.xcassets in Resources */,
				5B1E2808238776BE0091E96A /* Main.storyboard in Resources */,
			);
			runOnlyForDeploymentPostprocessing = 0;
		};
/* End PBXResourcesBuildPhase section */

/* Begin PBXSourcesBuildPhase section */
		5B1E27F9238776BE0091E96A /* Sources */ = {
			isa = PBXSourcesBuildPhase;
			buildActionMask = 2147483647;
			files = (
				5B1E2801238776BE0091E96A /* AppDelegate.swift in Sources */,
				5B589B92238799E9008698C5 /* GenericTableViewDataSource.swift in Sources */,
				5B589B8E238794C7008698C5 /* CellType.swift in Sources */,
				5B1E281523878B330091E96A /* GenericTableViewController.swift in Sources */,
				5B589B8B23878CD1008698C5 /* CustomCell.swift in Sources */,
				5B1E2803238776BE0091E96A /* SceneDelegate.swift in Sources */,
				5B589B9023879785008698C5 /* GenericTableViewSection.swift in Sources */,
			);
			runOnlyForDeploymentPostprocessing = 0;
		};
/* End PBXSourcesBuildPhase section */

/* Begin PBXVariantGroup section */
		5B1E2806238776BE0091E96A /* Main.storyboard */ = {
			isa = PBXVariantGroup;
			children = (
				5B1E2807238776BE0091E96A /* Base */,
			);
			name = Main.storyboard;
			sourceTree = "<group>";
		};
		5B1E280B238776C00091E96A /* LaunchScreen.storyboard */ = {
			isa = PBXVariantGroup;
			children = (
				5B1E280C238776C00091E96A /* Base */,
			);
			name = LaunchScreen.storyboard;
			sourceTree = "<group>";
		};
/* End PBXVariantGroup section */

/* Begin XCBuildConfiguration section */
		5B1E280F238776C00091E96A /* Debug */ = {
			isa = XCBuildConfiguration;
			buildSettings = {
				ALWAYS_SEARCH_USER_PATHS = NO;
				CLANG_ANALYZER_NONNULL = YES;
				CLANG_ANALYZER_NUMBER_OBJECT_CONVERSION = YES_AGGRESSIVE;
				CLANG_CXX_LANGUAGE_STANDARD = "gnu++14";
				CLANG_CXX_LIBRARY = "libc++";
				CLANG_ENABLE_MODULES = YES;
				CLANG_ENABLE_OBJC_ARC = YES;
				CLANG_ENABLE_OBJC_WEAK = YES;
				CLANG_WARN_BLOCK_CAPTURE_AUTORELEASING = YES;
				CLANG_WARN_BOOL_CONVERSION = YES;
				CLANG_WARN_COMMA = YES;
				CLANG_WARN_CONSTANT_CONVERSION = YES;
				CLANG_WARN_DEPRECATED_OBJC_IMPLEMENTATIONS = YES;
				CLANG_WARN_DIRECT_OBJC_ISA_USAGE = YES_ERROR;
				CLANG_WARN_DOCUMENTATION_COMMENTS = YES;
				CLANG_WARN_EMPTY_BODY = YES;
				CLANG_WARN_ENUM_CONVERSION = YES;
				CLANG_WARN_INFINITE_RECURSION = YES;
				CLANG_WARN_INT_CONVERSION = YES;
				CLANG_WARN_NON_LITERAL_NULL_CONVERSION = YES;
				CLANG_WARN_OBJC_IMPLICIT_RETAIN_SELF = YES;
				CLANG_WARN_OBJC_LITERAL_CONVERSION = YES;
				CLANG_WARN_OBJC_ROOT_CLASS = YES_ERROR;
				CLANG_WARN_RANGE_LOOP_ANALYSIS = YES;
				CLANG_WARN_STRICT_PROTOTYPES = YES;
				CLANG_WARN_SUSPICIOUS_MOVE = YES;
				CLANG_WARN_UNGUARDED_AVAILABILITY = YES_AGGRESSIVE;
				CLANG_WARN_UNREACHABLE_CODE = YES;
				CLANG_WARN__DUPLICATE_METHOD_MATCH = YES;
				COPY_PHASE_STRIP = NO;
				DEBUG_INFORMATION_FORMAT = dwarf;
				ENABLE_STRICT_OBJC_MSGSEND = YES;
				ENABLE_TESTABILITY = YES;
				GCC_C_LANGUAGE_STANDARD = gnu11;
				GCC_DYNAMIC_NO_PIC = NO;
				GCC_NO_COMMON_BLOCKS = YES;
				GCC_OPTIMIZATION_LEVEL = 0;
				GCC_PREPROCESSOR_DEFINITIONS = (
					"DEBUG=1",
					"$(inherited)",
				);
				GCC_WARN_64_TO_32_BIT_CONVERSION = YES;
				GCC_WARN_ABOUT_RETURN_TYPE = YES_ERROR;
				GCC_WARN_UNDECLARED_SELECTOR = YES;
				GCC_WARN_UNINITIALIZED_AUTOS = YES_AGGRESSIVE;
				GCC_WARN_UNUSED_FUNCTION = YES;
				GCC_WARN_UNUSED_VARIABLE = YES;
				IPHONEOS_DEPLOYMENT_TARGET = 13.1;
				MTL_ENABLE_DEBUG_INFO = INCLUDE_SOURCE;
				MTL_FAST_MATH = YES;
				ONLY_ACTIVE_ARCH = YES;
				SDKROOT = iphoneos;
				SWIFT_ACTIVE_COMPILATION_CONDITIONS = DEBUG;
				SWIFT_OPTIMIZATION_LEVEL = "-Onone";
			};
			name = Debug;
		};
		5B1E2810238776C00091E96A /* Release */ = {
			isa = XCBuildConfiguration;
			buildSettings = {
				ALWAYS_SEARCH_USER_PATHS = NO;
				CLANG_ANALYZER_NONNULL = YES;
				CLANG_ANALYZER_NUMBER_OBJECT_CONVERSION = YES_AGGRESSIVE;
				CLANG_CXX_LANGUAGE_STANDARD = "gnu++14";
				CLANG_CXX_LIBRARY = "libc++";
				CLANG_ENABLE_MODULES = YES;
				CLANG_ENABLE_OBJC_ARC = YES;
				CLANG_ENABLE_OBJC_WEAK = YES;
				CLANG_WARN_BLOCK_CAPTURE_AUTORELEASING = YES;
				CLANG_WARN_BOOL_CONVERSION = YES;
				CLANG_WARN_COMMA = YES;
				CLANG_WARN_CONSTANT_CONVERSION = YES;
				CLANG_WARN_DEPRECATED_OBJC_IMPLEMENTATIONS = YES;
				CLANG_WARN_DIRECT_OBJC_ISA_USAGE = YES_ERROR;
				CLANG_WARN_DOCUMENTATION_COMMENTS = YES;
				CLANG_WARN_EMPTY_BODY = YES;
				CLANG_WARN_ENUM_CONVERSION = YES;
				CLANG_WARN_INFINITE_RECURSION = YES;
				CLANG_WARN_INT_CONVERSION = YES;
				CLANG_WARN_NON_LITERAL_NULL_CONVERSION = YES;
				CLANG_WARN_OBJC_IMPLICIT_RETAIN_SELF = YES;
				CLANG_WARN_OBJC_LITERAL_CONVERSION = YES;
				CLANG_WARN_OBJC_ROOT_CLASS = YES_ERROR;
				CLANG_WARN_RANGE_LOOP_ANALYSIS = YES;
				CLANG_WARN_STRICT_PROTOTYPES = YES;
				CLANG_WARN_SUSPICIOUS_MOVE = YES;
				CLANG_WARN_UNGUARDED_AVAILABILITY = YES_AGGRESSIVE;
				CLANG_WARN_UNREACHABLE_CODE = YES;
				CLANG_WARN__DUPLICATE_METHOD_MATCH = YES;
				COPY_PHASE_STRIP = NO;
				DEBUG_INFORMATION_FORMAT = "dwarf-with-dsym";
				ENABLE_NS_ASSERTIONS = NO;
				ENABLE_STRICT_OBJC_MSGSEND = YES;
				GCC_C_LANGUAGE_STANDARD = gnu11;
				GCC_NO_COMMON_BLOCKS = YES;
				GCC_WARN_64_TO_32_BIT_CONVERSION = YES;
				GCC_WARN_ABOUT_RETURN_TYPE = YES_ERROR;
				GCC_WARN_UNDECLARED_SELECTOR = YES;
				GCC_WARN_UNINITIALIZED_AUTOS = YES_AGGRESSIVE;
				GCC_WARN_UNUSED_FUNCTION = YES;
				GCC_WARN_UNUSED_VARIABLE = YES;
				IPHONEOS_DEPLOYMENT_TARGET = 13.1;
				MTL_ENABLE_DEBUG_INFO = NO;
				MTL_FAST_MATH = YES;
				SDKROOT = iphoneos;
				SWIFT_COMPILATION_MODE = wholemodule;
				SWIFT_OPTIMIZATION_LEVEL = "-O";
				VALIDATE_PRODUCT = YES;
			};
			name = Release;
		};
		5B1E2812238776C00091E96A /* Debug */ = {
			isa = XCBuildConfiguration;
			buildSettings = {
				ASSETCATALOG_COMPILER_APPICON_NAME = AppIcon;
				CODE_SIGN_STYLE = Automatic;
				DEVELOPMENT_TEAM = VVCX9NLVJX;
				INFOPLIST_FILE = testing/Info.plist;
				LD_RUNPATH_SEARCH_PATHS = (
					"$(inherited)",
					"@executable_path/Frameworks",
				);
				PRODUCT_BUNDLE_IDENTIFIER = dariusngo.testing;
				PRODUCT_NAME = "$(TARGET_NAME)";
				SWIFT_VERSION = 5.0;
				TARGETED_DEVICE_FAMILY = "1,2";
			};
			name = Debug;
		};
		5B1E2813238776C00091E96A /* Release */ = {
			isa = XCBuildConfiguration;
			buildSettings = {
				ASSETCATALOG_COMPILER_APPICON_NAME = AppIcon;
				CODE_SIGN_STYLE = Automatic;
				DEVELOPMENT_TEAM = VVCX9NLVJX;
				INFOPLIST_FILE = testing/Info.plist;
				LD_RUNPATH_SEARCH_PATHS = (
					"$(inherited)",
					"@executable_path/Frameworks",
				);
				PRODUCT_BUNDLE_IDENTIFIER = dariusngo.testing;
				PRODUCT_NAME = "$(TARGET_NAME)";
				SWIFT_VERSION = 5.0;
				TARGETED_DEVICE_FAMILY = "1,2";
			};
			name = Release;
		};
/* End XCBuildConfiguration section */

/* Begin XCConfigurationList section */
		5B1E27F8238776BE0091E96A /* Build configuration list for PBXProject "testing" */ = {
			isa = XCConfigurationList;
			buildConfigurations = (
				5B1E280F238776C00091E96A /* Debug */,
				5B1E2810238776C00091E96A /* Release */,
			);
			defaultConfigurationIsVisible = 0;
			defaultConfigurationName = Release;
		};
		5B1E2811238776C00091E96A /* Build configuration list for PBXNativeTarget "testing" */ = {
			isa = XCConfigurationList;
			buildConfigurations = (
				5B1E2812238776C00091E96A /* Debug */,
				5B1E2813238776C00091E96A /* Release */,
			);
			defaultConfigurationIsVisible = 0;
			defaultConfigurationName = Release;
		};
/* End XCConfigurationList section */
	};
	rootObject = 5B1E27F5238776BE0091E96A /* Project object */;
}
